
Microsoft Visual Studio Solution File, Format Version 12.00
# Visual Studio Version 17
VisualStudioVersion = 17.11.35222.181
MinimumVisualStudioVersion = 10.0.40219.1
Project("{FAE04EC0-301F-11D3-BF4B-00C04F79EFBC}") = "a1Test", "a1Test.csproj", "{4FC520A6-7E99-4112-A589-F734CA786F0F}"
EndProject
Global
	GlobalSection(SolutionConfigurationPlatforms) = preSolution
		Debug|Any CPU = Debug|Any CPU
		Release|Any CPU = Release|Any CPU
	EndGlobalSection
	GlobalSection(ProjectConfigurationPlatforms) = postSolution
		{4FC520A6-7E99-4112-A589-F734CA786F0F}.Debug|Any CPU.ActiveCfg = Debug|Any CPU
		{4FC520A6-7E99-4112-A589-F734CA786F0F}.Debug|Any CPU.Build.0 = Debug|Any CPU
		{4FC520A6-7E99-4112-A589-F734CA786F0F}.Release|Any CPU.ActiveCfg = Release|Any CPU
		{4FC520A6-7E99-4112-A589-F734CA786F0F}.Release|Any CPU.Build.0 = Release|Any CPU
	EndGlobalSection
	GlobalSection(SolutionProperties) = preSolution
		HideSolutionNode = FALSE
	EndGlobalSection
	GlobalSection(ExtensibilityGlobals) = postSolution
		SolutionGuid = {20D4B84A-BF97-42EE-91AE-96A681CDDB1F}
	EndGlobalSection
EndGlobal
